
Microsoft Visual Studio Solution File, Format Version 12.00
# Visual Studio Version 17
VisualStudioVersion = 17.1.32210.238
MinimumVisualStudioVersion = 10.0.40219.1
Project("{FAE04EC0-301F-11D3-BF4B-00C04F79EFBC}") = "Pf2e-Creature-Creator", "Pf2e-Creature-Creator\Pf2e-Creature-Creator.csproj", "{88FFB9E3-0E30-4446-8223-D3A80D50184F}"
EndProject
Global
	GlobalSection(SolutionConfigurationPlatforms) = preSolution
		Debug|Any CPU = Debug|Any CPU
		Release|Any CPU = Release|Any CPU
	EndGlobalSection
	GlobalSection(ProjectConfigurationPlatforms) = postSolution
		{88FFB9E3-0E30-4446-8223-D3A80D50184F}.Debug|Any CPU.ActiveCfg = Debug|Any CPU
		{88FFB9E3-0E30-4446-8223-D3A80D50184F}.Debug|Any CPU.Build.0 = Debug|Any CPU
		{88FFB9E3-0E30-4446-8223-D3A80D50184F}.Release|Any CPU.ActiveCfg = Release|Any CPU
		{88FFB9E3-0E30-4446-8223-D3A80D50184F}.Release|Any CPU.Build.0 = Release|Any CPU
	EndGlobalSection
	GlobalSection(SolutionProperties) = preSolution
		HideSolutionNode = FALSE
	EndGlobalSection
	GlobalSection(ExtensibilityGlobals) = postSolution
		SolutionGuid = {54D8D8F4-7379-42A1-99FD-781C6C9D3DCF}
	EndGlobalSection
EndGlobal
